
Microsoft Visual Studio Solution File, Format Version 12.00
# Visual Studio Version 16
VisualStudioVersion = 16.0.31624.102
MinimumVisualStudioVersion = 10.0.40219.1
Project("{FAE04EC0-301F-11D3-BF4B-00C04F79EFBC}") = "test_parking", "test_parking\test_parking.csproj", "{16740C73-5BDE-4E05-BEEC-C45E435DAB6C}"
EndProject
Global
	GlobalSection(SolutionConfigurationPlatforms) = preSolution
		Debug|Any CPU = Debug|Any CPU
		Release|Any CPU = Release|Any CPU
	EndGlobalSection
	GlobalSection(ProjectConfigurationPlatforms) = postSolution
		{16740C73-5BDE-4E05-BEEC-C45E435DAB6C}.Debug|Any CPU.ActiveCfg = Debug|Any CPU
		{16740C73-5BDE-4E05-BEEC-C45E435DAB6C}.Debug|Any CPU.Build.0 = Debug|Any CPU
		{16740C73-5BDE-4E05-BEEC-C45E435DAB6C}.Release|Any CPU.ActiveCfg = Release|Any CPU
		{16740C73-5BDE-4E05-BEEC-C45E435DAB6C}.Release|Any CPU.Build.0 = Release|Any CPU
	EndGlobalSection
	GlobalSection(SolutionProperties) = preSolution
		HideSolutionNode = FALSE
	EndGlobalSection
	GlobalSection(ExtensibilityGlobals) = postSolution
		SolutionGuid = {79D7D436-DB45-4896-94F7-1B696733F622}
	EndGlobalSection
EndGlobal
